
Microsoft Visual Studio Solution File, Format Version 12.00
Project("{FAE04EC0-301F-11D3-BF4B-00C04F79EFBC}") = "API", "API\API.csproj", "{68CA0E17-4657-4CEF-A0B5-B56EDABB4F92}"
EndProject
Global
	GlobalSection(SolutionConfigurationPlatforms) = preSolution
		Debug|Any CPU = Debug|Any CPU
		Release|Any CPU = Release|Any CPU
	EndGlobalSection
	GlobalSection(ProjectConfigurationPlatforms) = postSolution
		{68CA0E17-4657-4CEF-A0B5-B56EDABB4F92}.Debug|Any CPU.ActiveCfg = Debug|Any CPU
		{68CA0E17-4657-4CEF-A0B5-B56EDABB4F92}.Debug|Any CPU.Build.0 = Debug|Any CPU
		{68CA0E17-4657-4CEF-A0B5-B56EDABB4F92}.Release|Any CPU.ActiveCfg = Release|Any CPU
		{68CA0E17-4657-4CEF-A0B5-B56EDABB4F92}.Release|Any CPU.Build.0 = Release|Any CPU
	EndGlobalSection
EndGlobal
